
Microsoft Visual Studio Solution File, Format Version 12.00
# Visual Studio Version 16
VisualStudioVersion = 16.0.29215.179
MinimumVisualStudioVersion = 10.0.40219.1
Project("{9A19103F-16F7-4668-BE54-9A1E7A4F7556}") = "jwt-authentication", "jwt-authentication.csproj", "{9C8C32EF-21FB-4035-9A77-06591D0A9477}"
EndProject
Global
	GlobalSection(SolutionConfigurationPlatforms) = preSolution
		Debug|Any CPU = Debug|Any CPU
		Release|Any CPU = Release|Any CPU
	EndGlobalSection
	GlobalSection(ProjectConfigurationPlatforms) = postSolution
		{9C8C32EF-21FB-4035-9A77-06591D0A9477}.Debug|Any CPU.ActiveCfg = Debug|Any CPU
		{9C8C32EF-21FB-4035-9A77-06591D0A9477}.Debug|Any CPU.Build.0 = Debug|Any CPU
		{9C8C32EF-21FB-4035-9A77-06591D0A9477}.Release|Any CPU.ActiveCfg = Release|Any CPU
		{9C8C32EF-21FB-4035-9A77-06591D0A9477}.Release|Any CPU.Build.0 = Release|Any CPU
	EndGlobalSection
	GlobalSection(SolutionProperties) = preSolution
		HideSolutionNode = FALSE
	EndGlobalSection
	GlobalSection(ExtensibilityGlobals) = postSolution
		SolutionGuid = {7555E742-2C18-4C8A-AD2C-E77B89DA5370}
	EndGlobalSection
EndGlobal
